# THIS IS AN AUTOGENERATED FILE. DO NOT EDIT THIS FILE DIRECTLY.
# yarn lockfile v1


pnp-webpack-plugin@^1.5.0:
  version "1.5.0"
  resolved "https://registry.yarnpkg.com/pnp-webpack-plugin/-/pnp-webpack-plugin-1.5.0.tgz#62a1cd3068f46d564bb33c56eb250e4d586676eb"
  integrity sha512-jd9olUr9D7do+RN8Wspzhpxhgp1n6Vd0NtQ4SFkmIACZoEL1nkyAdW9Ygrinjec0vgDcWjscFQQ1gDW8rsfKTg==
  dependencies:
    ts-pnp "^1.1.2"

ts-pnp@^1.1.2:
  version "1.1.4"
  resolved "https://registry.yarnpkg.com/ts-pnp/-/ts-pnp-1.1.4.tgz#ae27126960ebaefb874c6d7fa4729729ab200d90"
  integrity sha512-1J/vefLC+BWSo+qe8OnJQfWTYRS6ingxjwqmHMqaMxXMj7kFtKLgAaYW3JeX3mktjgUL+etlU8/B4VUAUI9QGw==
